// !$*UTF8*$!
{
	archiveVersion = 1;
	classes = {
	};
	objectVersion = 51;
	objects = {

/* Begin PBXBuildFile section */
		653130F3274487B300FD6F31 /* MovieViewController.swift in Sources */ = {isa = PBXBuildFile; fileRef = 653130F2274487B300FD6F31 /* MovieViewController.swift */; };
		655ED318274DA2C300A0D515 /* CommentViewController.swift in Sources */ = {isa = PBXBuildFile; fileRef = 655ED317274DA2C300A0D515 /* CommentViewController.swift */; };
		6585455827541F5F00D7F0B3 /* SearchViewController.swift in Sources */ = {isa = PBXBuildFile; fileRef = 6585455727541F5F00D7F0B3 /* SearchViewController.swift */; };
		658F660C273DA62E00C6B54B /* LoginViewController.swift in Sources */ = {isa = PBXBuildFile; fileRef = 658F660B273DA62E00C6B54B /* LoginViewController.swift */; };
		65A2E802273C6C3600DA2AA0 /* AppDelegate.swift in Sources */ = {isa = PBXBuildFile; fileRef = 65A2E801273C6C3600DA2AA0 /* AppDelegate.swift */; };
		65A2E804273C6C3600DA2AA0 /* SceneDelegate.swift in Sources */ = {isa = PBXBuildFile; fileRef = 65A2E803273C6C3600DA2AA0 /* SceneDelegate.swift */; };
		65A2E806273C6C3600DA2AA0 /* ViewController.swift in Sources */ = {isa = PBXBuildFile; fileRef = 65A2E805273C6C3600DA2AA0 /* ViewController.swift */; };
		65A2E809273C6C3600DA2AA0 /* Main.storyboard in Resources */ = {isa = PBXBuildFile; fileRef = 65A2E807273C6C3600DA2AA0 /* Main.storyboard */; };
		65A2E80B273C6C4E00DA2AA0 /* Assets.xcassets in Resources */ = {isa = PBXBuildFile; fileRef = 65A2E80A273C6C4E00DA2AA0 /* Assets.xcassets */; };
		65A2E80E273C6C4E00DA2AA0 /* LaunchScreen.storyboard in Resources */ = {isa = PBXBuildFile; fileRef = 65A2E80C273C6C4E00DA2AA0 /* LaunchScreen.storyboard */; };
		65FAC58327482D950021A394 /* MovieCell.swift in Sources */ = {isa = PBXBuildFile; fileRef = 65FAC58227482D950021A394 /* MovieCell.swift */; };
		65FAC58627482E490021A394 /* CommentCell.swift in Sources */ = {isa = PBXBuildFile; fileRef = 65FAC58527482E490021A394 /* CommentCell.swift */; };
		65FAC58927482E720021A394 /* AddCommentCell.swift in Sources */ = {isa = PBXBuildFile; fileRef = 65FAC58827482E720021A394 /* AddCommentCell.swift */; };
		7E115D11F8AEBA311F4CF6FC /* Pods_Instaflix.framework in Frameworks */ = {isa = PBXBuildFile; fileRef = DD256AC6CC42E96C3B06F022 /* Pods_Instaflix.framework */; };
		8B5CEB682741E26D00E904C1 /* HomeTableViewController.swift in Sources */ = {isa = PBXBuildFile; fileRef = 8B5CEB672741E26C00E904C1 /* HomeTableViewController.swift */; };
/* End PBXBuildFile section */

/* Begin PBXFileReference section */
		04BCD6162925122542B8CB29 /* Pods-Instaflix.debug.xcconfig */ = {isa = PBXFileReference; includeInIndex = 1; lastKnownFileType = text.xcconfig; name = "Pods-Instaflix.debug.xcconfig"; path = "Target Support Files/Pods-Instaflix/Pods-Instaflix.debug.xcconfig"; sourceTree = "<group>"; };
		653130F2274487B300FD6F31 /* MovieViewController.swift */ = {isa = PBXFileReference; lastKnownFileType = sourcecode.swift; path = MovieViewController.swift; sourceTree = "<group>"; };
		655ED317274DA2C300A0D515 /* CommentViewController.swift */ = {isa = PBXFileReference; lastKnownFileType = sourcecode.swift; path = CommentViewController.swift; sourceTree = "<group>"; };
		6585455727541F5F00D7F0B3 /* SearchViewController.swift */ = {isa = PBXFileReference; lastKnownFileType = sourcecode.swift; path = SearchViewController.swift; sourceTree = "<group>"; };
		658F660B273DA62E00C6B54B /* LoginViewController.swift */ = {isa = PBXFileReference; lastKnownFileType = sourcecode.swift; path = LoginViewController.swift; sourceTree = "<group>"; };
		65A2E7FE273C6C3600DA2AA0 /* Instaflix.app */ = {isa = PBXFileReference; explicitFileType = wrapper.application; includeInIndex = 0; path = Instaflix.app; sourceTree = BUILT_PRODUCTS_DIR; };
		65A2E801273C6C3600DA2AA0 /* AppDelegate.swift */ = {isa = PBXFileReference; lastKnownFileType = sourcecode.swift; path = AppDelegate.swift; sourceTree = "<group>"; };
		65A2E803273C6C3600DA2AA0 /* SceneDelegate.swift */ = {isa = PBXFileReference; lastKnownFileType = sourcecode.swift; path = SceneDelegate.swift; sourceTree = "<group>"; };
		65A2E805273C6C3600DA2AA0 /* ViewController.swift */ = {isa = PBXFileReference; lastKnownFileType = sourcecode.swift; path = ViewController.swift; sourceTree = "<group>"; };
		65A2E808273C6C3600DA2AA0 /* Base */ = {isa = PBXFileReference; lastKnownFileType = file.storyboard; name = Base; path = Base.lproj/Main.storyboard; sourceTree = "<group>"; };
		65A2E80A273C6C4E00DA2AA0 /* Assets.xcassets */ = {isa = PBXFileReference; lastKnownFileType = folder.assetcatalog; path = Assets.xcassets; sourceTree = "<group>"; };
		65A2E80D273C6C4E00DA2AA0 /* Base */ = {isa = PBXFileReference; lastKnownFileType = file.storyboard; name = Base; path = Base.lproj/LaunchScreen.storyboard; sourceTree = "<group>"; };
		65A2E80F273C6C4E00DA2AA0 /* Info.plist */ = {isa = PBXFileReference; lastKnownFileType = text.plist.xml; path = Info.plist; sourceTree = "<group>"; };
		65FAC58227482D950021A394 /* MovieCell.swift */ = {isa = PBXFileReference; lastKnownFileType = sourcecode.swift; path = MovieCell.swift; sourceTree = "<group>"; };
		65FAC58527482E490021A394 /* CommentCell.swift */ = {isa = PBXFileReference; lastKnownFileType = sourcecode.swift; path = CommentCell.swift; sourceTree = "<group>"; };
		65FAC58827482E720021A394 /* AddCommentCell.swift */ = {isa = PBXFileReference; lastKnownFileType = sourcecode.swift; path = AddCommentCell.swift; sourceTree = "<group>"; };
		819C7FB8AC20F161262FB618 /* Pods-Instaflix.release.xcconfig */ = {isa = PBXFileReference; includeInIndex = 1; lastKnownFileType = text.xcconfig; name = "Pods-Instaflix.release.xcconfig"; path = "Target Support Files/Pods-Instaflix/Pods-Instaflix.release.xcconfig"; sourceTree = "<group>"; };
		8B5CEB672741E26C00E904C1 /* HomeTableViewController.swift */ = {isa = PBXFileReference; lastKnownFileType = sourcecode.swift; path = HomeTableViewController.swift; sourceTree = "<group>"; };
		DD256AC6CC42E96C3B06F022 /* Pods_Instaflix.framework */ = {isa = PBXFileReference; explicitFileType = wrapper.framework; includeInIndex = 0; path = Pods_Instaflix.framework; sourceTree = BUILT_PRODUCTS_DIR; };
/* End PBXFileReference section */

/* Begin PBXFrameworksBuildPhase section */
		65A2E7FB273C6C3600DA2AA0 /* Frameworks */ = {
			isa = PBXFrameworksBuildPhase;
			buildActionMask = 2147483647;
			files = (
				7E115D11F8AEBA311F4CF6FC /* Pods_Instaflix.framework in Frameworks */,
			);
			runOnlyForDeploymentPostprocessing = 0;
		};
/* End PBXFrameworksBuildPhase section */

/* Begin PBXGroup section */
		28FD73AB5D5A33389C177ACF /* Frameworks */ = {
			isa = PBXGroup;
			children = (
				DD256AC6CC42E96C3B06F022 /* Pods_Instaflix.framework */,
			);
			name = Frameworks;
			sourceTree = "<group>";
		};
		65A2E7F5273C6C3600DA2AA0 = {
			isa = PBXGroup;
			children = (
				65A2E800273C6C3600DA2AA0 /* Instaflix */,
				65A2E7FF273C6C3600DA2AA0 /* Products */,
				67F30A6C4B3F5C9190B4FF23 /* Pods */,
				28FD73AB5D5A33389C177ACF /* Frameworks */,
			);
			sourceTree = "<group>";
		};
		65A2E7FF273C6C3600DA2AA0 /* Products */ = {
			isa = PBXGroup;
			children = (
				65A2E7FE273C6C3600DA2AA0 /* Instaflix.app */,
			);
			name = Products;
			sourceTree = "<group>";
		};
		65A2E800273C6C3600DA2AA0 /* Instaflix */ = {
			isa = PBXGroup;
			children = (
				65A2E801273C6C3600DA2AA0 /* AppDelegate.swift */,
				65A2E803273C6C3600DA2AA0 /* SceneDelegate.swift */,
				65A2E805273C6C3600DA2AA0 /* ViewController.swift */,
				65A2E807273C6C3600DA2AA0 /* Main.storyboard */,
				65A2E80A273C6C4E00DA2AA0 /* Assets.xcassets */,
				65A2E80C273C6C4E00DA2AA0 /* LaunchScreen.storyboard */,
				65A2E80F273C6C4E00DA2AA0 /* Info.plist */,
				658F660B273DA62E00C6B54B /* LoginViewController.swift */,
				8B5CEB672741E26C00E904C1 /* HomeTableViewController.swift */,
				653130F2274487B300FD6F31 /* MovieViewController.swift */,
				65FAC58227482D950021A394 /* MovieCell.swift */,
				65FAC58527482E490021A394 /* CommentCell.swift */,
				65FAC58827482E720021A394 /* AddCommentCell.swift */,
				655ED317274DA2C300A0D515 /* CommentViewController.swift */,
				6585455727541F5F00D7F0B3 /* SearchViewController.swift */,
			);
			path = Instaflix;
			sourceTree = "<group>";
		};
		67F30A6C4B3F5C9190B4FF23 /* Pods */ = {
			isa = PBXGroup;
			children = (
				04BCD6162925122542B8CB29 /* Pods-Instaflix.debug.xcconfig */,
				819C7FB8AC20F161262FB618 /* Pods-Instaflix.release.xcconfig */,
			);
			path = Pods;
			sourceTree = "<group>";
		};
/* End PBXGroup section */

/* Begin PBXNativeTarget section */
		65A2E7FD273C6C3600DA2AA0 /* Instaflix */ = {
			isa = PBXNativeTarget;
			buildConfigurationList = 65A2E812273C6C4E00DA2AA0 /* Build configuration list for PBXNativeTarget "Instaflix" */;
			buildPhases = (
				2E626613E6121E3A04337CD8 /* [CP] Check Pods Manifest.lock */,
				65A2E7FA273C6C3600DA2AA0 /* Sources */,
				65A2E7FB273C6C3600DA2AA0 /* Frameworks */,
				65A2E7FC273C6C3600DA2AA0 /* Resources */,
				B80462434FFFAC7029638AD2 /* [CP] Embed Pods Frameworks */,
			);
			buildRules = (
			);
			dependencies = (
			);
			name = Instaflix;
			productName = Instaflix;
			productReference = 65A2E7FE273C6C3600DA2AA0 /* Instaflix.app */;
			productType = "com.apple.product-type.application";
		};
/* End PBXNativeTarget section */

/* Begin PBXProject section */
		65A2E7F6273C6C3600DA2AA0 /* Project object */ = {
			isa = PBXProject;
			attributes = {
				LastSwiftUpdateCheck = 1210;
				LastUpgradeCheck = 1210;
				TargetAttributes = {
					65A2E7FD273C6C3600DA2AA0 = {
						CreatedOnToolsVersion = 12.1;
					};
				};
			};
			buildConfigurationList = 65A2E7F9273C6C3600DA2AA0 /* Build configuration list for PBXProject "Instaflix" */;
			compatibilityVersion = "Xcode 9.3";
			developmentRegion = en;
			hasScannedForEncodings = 0;
			knownRegions = (
				en,
				Base,
			);
			mainGroup = 65A2E7F5273C6C3600DA2AA0;
			productRefGroup = 65A2E7FF273C6C3600DA2AA0 /* Products */;
			projectDirPath = "";
			projectRoot = "";
			targets = (
				65A2E7FD273C6C3600DA2AA0 /* Instaflix */,
			);
		};
/* End PBXProject section */

/* Begin PBXResourcesBuildPhase section */
		65A2E7FC273C6C3600DA2AA0 /* Resources */ = {
			isa = PBXResourcesBuildPhase;
			buildActionMask = 2147483647;
			files = (
				65A2E80E273C6C4E00DA2AA0 /* LaunchScreen.storyboard in Resources */,
				65A2E80B273C6C4E00DA2AA0 /* Assets.xcassets in Resources */,
				65A2E809273C6C3600DA2AA0 /* Main.storyboard in Resources */,
			);
			runOnlyForDeploymentPostprocessing = 0;
		};
/* End PBXResourcesBuildPhase section */

/* Begin PBXShellScriptBuildPhase section */
		2E626613E6121E3A04337CD8 /* [CP] Check Pods Manifest.lock */ = {
			isa = PBXShellScriptBuildPhase;
			buildActionMask = 2147483647;
			files = (
			);
			inputFileListPaths = (
			);
			inputPaths = (
				"${PODS_PODFILE_DIR_PATH}/Podfile.lock",
				"${PODS_ROOT}/Manifest.lock",
			);
			name = "[CP] Check Pods Manifest.lock";
			outputFileListPaths = (
			);
			outputPaths = (
				"$(DERIVED_FILE_DIR)/Pods-Instaflix-checkManifestLockResult.txt",
			);
			runOnlyForDeploymentPostprocessing = 0;
			shellPath = /bin/sh;
			shellScript = "diff \"${PODS_PODFILE_DIR_PATH}/Podfile.lock\" \"${PODS_ROOT}/Manifest.lock\" > /dev/null\nif [ $? != 0 ] ; then\n    # print error to STDERR\n    echo \"error: The sandbox is not in sync with the Podfile.lock. Run 'pod install' or update your CocoaPods installation.\" >&2\n    exit 1\nfi\n# This output is used by Xcode 'outputs' to avoid re-running this script phase.\necho \"SUCCESS\" > \"${SCRIPT_OUTPUT_FILE_0}\"\n";
			showEnvVarsInLog = 0;
		};
		B80462434FFFAC7029638AD2 /* [CP] Embed Pods Frameworks */ = {
			isa = PBXShellScriptBuildPhase;
			buildActionMask = 2147483647;
			files = (
			);
			inputFileListPaths = (
				"${PODS_ROOT}/Target Support Files/Pods-Instaflix/Pods-Instaflix-frameworks-${CONFIGURATION}-input-files.xcfilelist",
			);
			name = "[CP] Embed Pods Frameworks";
			outputFileListPaths = (
				"${PODS_ROOT}/Target Support Files/Pods-Instaflix/Pods-Instaflix-frameworks-${CONFIGURATION}-output-files.xcfilelist",
			);
			runOnlyForDeploymentPostprocessing = 0;
			shellPath = /bin/sh;
			shellScript = "\"${PODS_ROOT}/Target Support Files/Pods-Instaflix/Pods-Instaflix-frameworks.sh\"\n";
			showEnvVarsInLog = 0;
		};
/* End PBXShellScriptBuildPhase section */

/* Begin PBXSourcesBuildPhase section */
		65A2E7FA273C6C3600DA2AA0 /* Sources */ = {
			isa = PBXSourcesBuildPhase;
			buildActionMask = 2147483647;
			files = (
				655ED318274DA2C300A0D515 /* CommentViewController.swift in Sources */,
				6585455827541F5F00D7F0B3 /* SearchViewController.swift in Sources */,
				65FAC58927482E720021A394 /* AddCommentCell.swift in Sources */,
				65FAC58327482D950021A394 /* MovieCell.swift in Sources */,
				658F660C273DA62E00C6B54B /* LoginViewController.swift in Sources */,
				65A2E806273C6C3600DA2AA0 /* ViewController.swift in Sources */,
				65A2E802273C6C3600DA2AA0 /* AppDelegate.swift in Sources */,
				65A2E804273C6C3600DA2AA0 /* SceneDelegate.swift in Sources */,
				8B5CEB682741E26D00E904C1 /* HomeTableViewController.swift in Sources */,
				653130F3274487B300FD6F31 /* MovieViewController.swift in Sources */,
				65FAC58627482E490021A394 /* CommentCell.swift in Sources */,
			);
			runOnlyForDeploymentPostprocessing = 0;
		};
/* End PBXSourcesBuildPhase section */

/* Begin PBXVariantGroup section */
		65A2E807273C6C3600DA2AA0 /* Main.storyboard */ = {
			isa = PBXVariantGroup;
			children = (
				65A2E808273C6C3600DA2AA0 /* Base */,
			);
			name = Main.storyboard;
			sourceTree = "<group>";
		};
		65A2E80C273C6C4E00DA2AA0 /* LaunchScreen.storyboard */ = {
			isa = PBXVariantGroup;
			children = (
				65A2E80D273C6C4E00DA2AA0 /* Base */,
			);
			name = LaunchScreen.storyboard;
			sourceTree = "<group>";
		};
/* End PBXVariantGroup section */

/* Begin XCBuildConfiguration section */
		65A2E810273C6C4E00DA2AA0 /* Debug */ = {
			isa = XCBuildConfiguration;
			buildSettings = {
				ALWAYS_SEARCH_USER_PATHS = NO;
				CLANG_ANALYZER_NONNULL = YES;
				CLANG_ANALYZER_NUMBER_OBJECT_CONVERSION = YES_AGGRESSIVE;
				CLANG_CXX_LANGUAGE_STANDARD = "gnu++14";
				CLANG_CXX_LIBRARY = "libc++";
				CLANG_ENABLE_MODULES = YES;
				CLANG_ENABLE_OBJC_ARC = YES;
				CLANG_ENABLE_OBJC_WEAK = YES;
				CLANG_WARN_BLOCK_CAPTURE_AUTORELEASING = YES;
				CLANG_WARN_BOOL_CONVERSION = YES;
				CLANG_WARN_COMMA = YES;
				CLANG_WARN_CONSTANT_CONVERSION = YES;
				CLANG_WARN_DEPRECATED_OBJC_IMPLEMENTATIONS = YES;
				CLANG_WARN_DIRECT_OBJC_ISA_USAGE = YES_ERROR;
				CLANG_WARN_DOCUMENTATION_COMMENTS = YES;
				CLANG_WARN_EMPTY_BODY = YES;
				CLANG_WARN_ENUM_CONVERSION = YES;
				CLANG_WARN_INFINITE_RECURSION = YES;
				CLANG_WARN_INT_CONVERSION = YES;
				CLANG_WARN_NON_LITERAL_NULL_CONVERSION = YES;
				CLANG_WARN_OBJC_IMPLICIT_RETAIN_SELF = YES;
				CLANG_WARN_OBJC_LITERAL_CONVERSION = YES;
				CLANG_WARN_OBJC_ROOT_CLASS = YES_ERROR;
				CLANG_WARN_QUOTED_INCLUDE_IN_FRAMEWORK_HEADER = YES;
				CLANG_WARN_RANGE_LOOP_ANALYSIS = YES;
				CLANG_WARN_STRICT_PROTOTYPES = YES;
				CLANG_WARN_SUSPICIOUS_MOVE = YES;
				CLANG_WARN_UNGUARDED_AVAILABILITY = YES_AGGRESSIVE;
				CLANG_WARN_UNREACHABLE_CODE = YES;
				CLANG_WARN__DUPLICATE_METHOD_MATCH = YES;
				COPY_PHASE_STRIP = NO;
				DEBUG_INFORMATION_FORMAT = dwarf;
				ENABLE_STRICT_OBJC_MSGSEND = YES;
				ENABLE_TESTABILITY = YES;
				GCC_C_LANGUAGE_STANDARD = gnu11;
				GCC_DYNAMIC_NO_PIC = NO;
				GCC_NO_COMMON_BLOCKS = YES;
				GCC_OPTIMIZATION_LEVEL = 0;
				GCC_PREPROCESSOR_DEFINITIONS = (
					"DEBUG=1",
					"$(inherited)",
				);
				GCC_WARN_64_TO_32_BIT_CONVERSION = YES;
				GCC_WARN_ABOUT_RETURN_TYPE = YES_ERROR;
				GCC_WARN_UNDECLARED_SELECTOR = YES;
				GCC_WARN_UNINITIALIZED_AUTOS = YES_AGGRESSIVE;
				GCC_WARN_UNUSED_FUNCTION = YES;
				GCC_WARN_UNUSED_VARIABLE = YES;
				IPHONEOS_DEPLOYMENT_TARGET = 14.1;
				MTL_ENABLE_DEBUG_INFO = INCLUDE_SOURCE;
				MTL_FAST_MATH = YES;
				ONLY_ACTIVE_ARCH = YES;
				SDKROOT = iphoneos;
				SWIFT_ACTIVE_COMPILATION_CONDITIONS = DEBUG;
				SWIFT_OPTIMIZATION_LEVEL = "-Onone";
			};
			name = Debug;
		};
		65A2E811273C6C4E00DA2AA0 /* Release */ = {
			isa = XCBuildConfiguration;
			buildSettings = {
				ALWAYS_SEARCH_USER_PATHS = NO;
				CLANG_ANALYZER_NONNULL = YES;
				CLANG_ANALYZER_NUMBER_OBJECT_CONVERSION = YES_AGGRESSIVE;
				CLANG_CXX_LANGUAGE_STANDARD = "gnu++14";
				CLANG_CXX_LIBRARY = "libc++";
				CLANG_ENABLE_MODULES = YES;
				CLANG_ENABLE_OBJC_ARC = YES;
				CLANG_ENABLE_OBJC_WEAK = YES;
				CLANG_WARN_BLOCK_CAPTURE_AUTORELEASING = YES;
				CLANG_WARN_BOOL_CONVERSION = YES;
				CLANG_WARN_COMMA = YES;
				CLANG_WARN_CONSTANT_CONVERSION = YES;
				CLANG_WARN_DEPRECATED_OBJC_IMPLEMENTATIONS = YES;
				CLANG_WARN_DIRECT_OBJC_ISA_USAGE = YES_ERROR;
				CLANG_WARN_DOCUMENTATION_COMMENTS = YES;
				CLANG_WARN_EMPTY_BODY = YES;
				CLANG_WARN_ENUM_CONVERSION = YES;
				CLANG_WARN_INFINITE_RECURSION = YES;
				CLANG_WARN_INT_CONVERSION = YES;
				CLANG_WARN_NON_LITERAL_NULL_CONVERSION = YES;
				CLANG_WARN_OBJC_IMPLICIT_RETAIN_SELF = YES;
				CLANG_WARN_OBJC_LITERAL_CONVERSION = YES;
				CLANG_WARN_OBJC_ROOT_CLASS = YES_ERROR;
				CLANG_WARN_QUOTED_INCLUDE_IN_FRAMEWORK_HEADER = YES;
				CLANG_WARN_RANGE_LOOP_ANALYSIS = YES;
				CLANG_WARN_STRICT_PROTOTYPES = YES;
				CLANG_WARN_SUSPICIOUS_MOVE = YES;
				CLANG_WARN_UNGUARDED_AVAILABILITY = YES_AGGRESSIVE;
				CLANG_WARN_UNREACHABLE_CODE = YES;
				CLANG_WARN__DUPLICATE_METHOD_MATCH = YES;
				COPY_PHASE_STRIP = NO;
				DEBUG_INFORMATION_FORMAT = "dwarf-with-dsym";
				ENABLE_NS_ASSERTIONS = NO;
				ENABLE_STRICT_OBJC_MSGSEND = YES;
				GCC_C_LANGUAGE_STANDARD = gnu11;
				GCC_NO_COMMON_BLOCKS = YES;
				GCC_WARN_64_TO_32_BIT_CONVERSION = YES;
				GCC_WARN_ABOUT_RETURN_TYPE = YES_ERROR;
				GCC_WARN_UNDECLARED_SELECTOR = YES;
				GCC_WARN_UNINITIALIZED_AUTOS = YES_AGGRESSIVE;
				GCC_WARN_UNUSED_FUNCTION = YES;
				GCC_WARN_UNUSED_VARIABLE = YES;
				IPHONEOS_DEPLOYMENT_TARGET = 14.1;
				MTL_ENABLE_DEBUG_INFO = NO;
				MTL_FAST_MATH = YES;
				SDKROOT = iphoneos;
				SWIFT_COMPILATION_MODE = wholemodule;
				SWIFT_OPTIMIZATION_LEVEL = "-O";
				VALIDATE_PRODUCT = YES;
			};
			name = Release;
		};
		65A2E813273C6C4E00DA2AA0 /* Debug */ = {
			isa = XCBuildConfiguration;
			baseConfigurationReference = 04BCD6162925122542B8CB29 /* Pods-Instaflix.debug.xcconfig */;
			buildSettings = {
				ASSETCATALOG_COMPILER_APPICON_NAME = AppIcon;
				ASSETCATALOG_COMPILER_GLOBAL_ACCENT_COLOR_NAME = AccentColor;
				CODE_SIGN_STYLE = Automatic;
				DEVELOPMENT_TEAM = 7URRT8PWNG;
				INFOPLIST_FILE = Instaflix/Info.plist;
				LD_RUNPATH_SEARCH_PATHS = (
					"$(inherited)",
					"@executable_path/Frameworks",
				);
				PRODUCT_BUNDLE_IDENTIFIER = COP4665.Instaflix;
				PRODUCT_NAME = "$(TARGET_NAME)";
				SWIFT_VERSION = 5.0;
				TARGETED_DEVICE_FAMILY = "1,2";
			};
			name = Debug;
		};
		65A2E814273C6C4E00DA2AA0 /* Release */ = {
			isa = XCBuildConfiguration;
			baseConfigurationReference = 819C7FB8AC20F161262FB618 /* Pods-Instaflix.release.xcconfig */;
			buildSettings = {
				ASSETCATALOG_COMPILER_APPICON_NAME = AppIcon;
				ASSETCATALOG_COMPILER_GLOBAL_ACCENT_COLOR_NAME = AccentColor;
				CODE_SIGN_STYLE = Automatic;
				DEVELOPMENT_TEAM = 7URRT8PWNG;
				INFOPLIST_FILE = Instaflix/Info.plist;
				LD_RUNPATH_SEARCH_PATHS = (
					"$(inherited)",
					"@executable_path/Frameworks",
				);
				PRODUCT_BUNDLE_IDENTIFIER = COP4665.Instaflix;
				PRODUCT_NAME = "$(TARGET_NAME)";
				SWIFT_VERSION = 5.0;
				TARGETED_DEVICE_FAMILY = "1,2";
			};
			name = Release;
		};
/* End XCBuildConfiguration section */

/* Begin XCConfigurationList section */
		65A2E7F9273C6C3600DA2AA0 /* Build configuration list for PBXProject "Instaflix" */ = {
			isa = XCConfigurationList;
			buildConfigurations = (
				65A2E810273C6C4E00DA2AA0 /* Debug */,
				65A2E811273C6C4E00DA2AA0 /* Release */,
			);
			defaultConfigurationIsVisible = 0;
			defaultConfigurationName = Release;
		};
		65A2E812273C6C4E00DA2AA0 /* Build configuration list for PBXNativeTarget "Instaflix" */ = {
			isa = XCConfigurationList;
			buildConfigurations = (
				65A2E813273C6C4E00DA2AA0 /* Debug */,
				65A2E814273C6C4E00DA2AA0 /* Release */,
			);
			defaultConfigurationIsVisible = 0;
			defaultConfigurationName = Release;
		};
/* End XCConfigurationList section */
	};
	rootObject = 65A2E7F6273C6C3600DA2AA0 /* Project object */;
}
